// !$*UTF8*$!
{
	archiveVersion = 1;
	classes = {
	};
	objectVersion = 45;
	objects = {

/* Begin PBXBuildFile section */
		8DD76F650486A84900D96B5E /* main.cpp in Sources */ = {isa = PBXBuildFile; fileRef = 08FB7796FE84155DC02AAC07 /* main.cpp */; settings = {ATTRIBUTES = (); }; };
		8DD76F6A0486A84900D96B5E /* FoodcamClassifier.1 in CopyFiles */ = {isa = PBXBuildFile; fileRef = C6859E8B029090EE04C91782 /* FoodcamClassifier.1 */; };
		D79318151404316D00C2209B /* predict_common.cpp in Sources */ = {isa = PBXBuildFile; fileRef = D79318141404316D00C2209B /* predict_common.cpp */; };
		D79319E41404991200C2209B /* predict_common.cpp in Sources */ = {isa = PBXBuildFile; fileRef = D79318141404316D00C2209B /* predict_common.cpp */; };
		D79319E61404991200C2209B /* libopencv_core.2.3.1.dylib in Frameworks */ = {isa = PBXBuildFile; fileRef = D7BCFF1213FE37FD004D115F /* libopencv_core.2.3.1.dylib */; };
		D79319E71404991200C2209B /* libopencv_features2d.2.3.1.dylib in Frameworks */ = {isa = PBXBuildFile; fileRef = D7BCFF1713FE3812004D115F /* libopencv_features2d.2.3.1.dylib */; };
		D79319E81404991200C2209B /* libopencv_highgui.2.3.1.dylib in Frameworks */ = {isa = PBXBuildFile; fileRef = D7BCFF1C13FE3820004D115F /* libopencv_highgui.2.3.1.dylib */; };
		D79319E91404991200C2209B /* libopencv_ml.2.3.1.dylib in Frameworks */ = {isa = PBXBuildFile; fileRef = D7BC00A313FEE61A004D115F /* libopencv_ml.2.3.1.dylib */; };
		D79319EA1404991200C2209B /* libopencv_imgproc.dylib in Frameworks */ = {isa = PBXBuildFile; fileRef = D7BC039A140038A0004D115F /* libopencv_imgproc.dylib */; };
		D79319EC1404991200C2209B /* FoodcamClassifier.1 in CopyFiles */ = {isa = PBXBuildFile; fileRef = C6859E8B029090EE04C91782 /* FoodcamClassifier.1 */; };
		D79319F21404992200C2209B /* foodcam_predict.cpp in Sources */ = {isa = PBXBuildFile; fileRef = D79319E01404990F00C2209B /* foodcam_predict.cpp */; };
		D7BC00A413FEE61A004D115F /* libopencv_ml.2.3.1.dylib in Frameworks */ = {isa = PBXBuildFile; fileRef = D7BC00A313FEE61A004D115F /* libopencv_ml.2.3.1.dylib */; };
		D7BC013713FF0035004D115F /* libopencv_core.2.3.1.dylib in Frameworks */ = {isa = PBXBuildFile; fileRef = D7BCFF1213FE37FD004D115F /* libopencv_core.2.3.1.dylib */; };
		D7BC013813FF0035004D115F /* libopencv_features2d.2.3.1.dylib in Frameworks */ = {isa = PBXBuildFile; fileRef = D7BCFF1713FE3812004D115F /* libopencv_features2d.2.3.1.dylib */; };
		D7BC013913FF0035004D115F /* libopencv_highgui.2.3.1.dylib in Frameworks */ = {isa = PBXBuildFile; fileRef = D7BCFF1C13FE3820004D115F /* libopencv_highgui.2.3.1.dylib */; };
		D7BC013A13FF0035004D115F /* libopencv_ml.2.3.1.dylib in Frameworks */ = {isa = PBXBuildFile; fileRef = D7BC00A313FEE61A004D115F /* libopencv_ml.2.3.1.dylib */; };
		D7BC013C13FF0035004D115F /* FoodcamClassifier.1 in CopyFiles */ = {isa = PBXBuildFile; fileRef = C6859E8B029090EE04C91782 /* FoodcamClassifier.1 */; };
		D7BC014213FF003F004D115F /* manual_classifier.cpp in Sources */ = {isa = PBXBuildFile; fileRef = D7BCFFAB13FEAC04004D115F /* manual_classifier.cpp */; };
		D7BC01BF13FF3F9F004D115F /* train_bovw.cpp in Sources */ = {isa = PBXBuildFile; fileRef = D7BC01BE13FF3F9F004D115F /* train_bovw.cpp */; };
		D7BC01C413FF3FA9004D115F /* libopencv_core.2.3.1.dylib in Frameworks */ = {isa = PBXBuildFile; fileRef = D7BCFF1213FE37FD004D115F /* libopencv_core.2.3.1.dylib */; };
		D7BC01C513FF3FA9004D115F /* libopencv_features2d.2.3.1.dylib in Frameworks */ = {isa = PBXBuildFile; fileRef = D7BCFF1713FE3812004D115F /* libopencv_features2d.2.3.1.dylib */; };
		D7BC01C613FF3FA9004D115F /* libopencv_highgui.2.3.1.dylib in Frameworks */ = {isa = PBXBuildFile; fileRef = D7BCFF1C13FE3820004D115F /* libopencv_highgui.2.3.1.dylib */; };
		D7BC01C713FF3FA9004D115F /* libopencv_ml.2.3.1.dylib in Frameworks */ = {isa = PBXBuildFile; fileRef = D7BC00A313FEE61A004D115F /* libopencv_ml.2.3.1.dylib */; };
		D7BC01C913FF3FA9004D115F /* FoodcamClassifier.1 in CopyFiles */ = {isa = PBXBuildFile; fileRef = C6859E8B029090EE04C91782 /* FoodcamClassifier.1 */; };
		D7BC01CF13FF3FB7004D115F /* train_bovw.cpp in Sources */ = {isa = PBXBuildFile; fileRef = D7BC01BE13FF3F9F004D115F /* train_bovw.cpp */; };
		D7BC01D213FF3FE3004D115F /* build_vocabolary.cpp in Sources */ = {isa = PBXBuildFile; fileRef = D7BC01D113FF3FE3004D115F /* build_vocabolary.cpp */; };
		D7BC01D713FF4013004D115F /* libopencv_core.2.3.1.dylib in Frameworks */ = {isa = PBXBuildFile; fileRef = D7BCFF1213FE37FD004D115F /* libopencv_core.2.3.1.dylib */; };
		D7BC01D813FF4013004D115F /* libopencv_features2d.2.3.1.dylib in Frameworks */ = {isa = PBXBuildFile; fileRef = D7BCFF1713FE3812004D115F /* libopencv_features2d.2.3.1.dylib */; };
		D7BC01D913FF4013004D115F /* libopencv_highgui.2.3.1.dylib in Frameworks */ = {isa = PBXBuildFile; fileRef = D7BCFF1C13FE3820004D115F /* libopencv_highgui.2.3.1.dylib */; };
		D7BC01DA13FF4013004D115F /* libopencv_ml.2.3.1.dylib in Frameworks */ = {isa = PBXBuildFile; fileRef = D7BC00A313FEE61A004D115F /* libopencv_ml.2.3.1.dylib */; };
		D7BC01DC13FF4013004D115F /* FoodcamClassifier.1 in CopyFiles */ = {isa = PBXBuildFile; fileRef = C6859E8B029090EE04C91782 /* FoodcamClassifier.1 */; };
		D7BC01E213FF4023004D115F /* build_vocabolary.cpp in Sources */ = {isa = PBXBuildFile; fileRef = D7BC01D113FF3FE3004D115F /* build_vocabolary.cpp */; };
		D7BC01E713FF4040004D115F /* build_vocabolary.h in Sources */ = {isa = PBXBuildFile; fileRef = D7BC01D013FF3FE3004D115F /* build_vocabolary.h */; };
		D7BC028914001E3D004D115F /* test_classifiers.cpp in Sources */ = {isa = PBXBuildFile; fileRef = D7BC028214001CA8004D115F /* test_classifiers.cpp */; };
		D7BC028B14001E3D004D115F /* libopencv_core.2.3.1.dylib in Frameworks */ = {isa = PBXBuildFile; fileRef = D7BCFF1213FE37FD004D115F /* libopencv_core.2.3.1.dylib */; };
		D7BC028C14001E3D004D115F /* libopencv_features2d.2.3.1.dylib in Frameworks */ = {isa = PBXBuildFile; fileRef = D7BCFF1713FE3812004D115F /* libopencv_features2d.2.3.1.dylib */; };
		D7BC028D14001E3D004D115F /* libopencv_highgui.2.3.1.dylib in Frameworks */ = {isa = PBXBuildFile; fileRef = D7BCFF1C13FE3820004D115F /* libopencv_highgui.2.3.1.dylib */; };
		D7BC028E14001E3D004D115F /* libopencv_ml.2.3.1.dylib in Frameworks */ = {isa = PBXBuildFile; fileRef = D7BC00A313FEE61A004D115F /* libopencv_ml.2.3.1.dylib */; };
		D7BC029014001E3D004D115F /* FoodcamClassifier.1 in CopyFiles */ = {isa = PBXBuildFile; fileRef = C6859E8B029090EE04C91782 /* FoodcamClassifier.1 */; };
		D7BC039B140038A0004D115F /* libopencv_imgproc.dylib in Frameworks */ = {isa = PBXBuildFile; fileRef = D7BC039A140038A0004D115F /* libopencv_imgproc.dylib */; };
		D7BC044F1401E60F004D115F /* libopencv_core.2.3.1.dylib in Frameworks */ = {isa = PBXBuildFile; fileRef = D7BCFF1213FE37FD004D115F /* libopencv_core.2.3.1.dylib */; };
		D7BC04501401E60F004D115F /* libopencv_features2d.2.3.1.dylib in Frameworks */ = {isa = PBXBuildFile; fileRef = D7BCFF1713FE3812004D115F /* libopencv_features2d.2.3.1.dylib */; };
		D7BC04511401E60F004D115F /* libopencv_highgui.2.3.1.dylib in Frameworks */ = {isa = PBXBuildFile; fileRef = D7BCFF1C13FE3820004D115F /* libopencv_highgui.2.3.1.dylib */; };
		D7BC04521401E60F004D115F /* libopencv_ml.2.3.1.dylib in Frameworks */ = {isa = PBXBuildFile; fileRef = D7BC00A313FEE61A004D115F /* libopencv_ml.2.3.1.dylib */; };
		D7BC04531401E60F004D115F /* libopencv_imgproc.dylib in Frameworks */ = {isa = PBXBuildFile; fileRef = D7BC039A140038A0004D115F /* libopencv_imgproc.dylib */; };
		D7BC04551401E60F004D115F /* FoodcamClassifier.1 in CopyFiles */ = {isa = PBXBuildFile; fileRef = C6859E8B029090EE04C91782 /* FoodcamClassifier.1 */; };
		D7BC045B1401E624004D115F /* make_test_background_image.cpp in Sources */ = {isa = PBXBuildFile; fileRef = D7BC044A1401E5FF004D115F /* make_test_background_image.cpp */; };
		D7BC060E1402DB5C004D115F /* training_common.cpp in Sources */ = {isa = PBXBuildFile; fileRef = D7BC060D1402DB5C004D115F /* training_common.cpp */; };
		D7BC06A71402FE92004D115F /* training_common.cpp in Sources */ = {isa = PBXBuildFile; fileRef = D7BC060D1402DB5C004D115F /* training_common.cpp */; };
		D7BC06A91402FE92004D115F /* libopencv_core.2.3.1.dylib in Frameworks */ = {isa = PBXBuildFile; fileRef = D7BCFF1213FE37FD004D115F /* libopencv_core.2.3.1.dylib */; };
		D7BC06AA1402FE92004D115F /* libopencv_features2d.2.3.1.dylib in Frameworks */ = {isa = PBXBuildFile; fileRef = D7BCFF1713FE3812004D115F /* libopencv_features2d.2.3.1.dylib */; };
		D7BC06AB1402FE92004D115F /* libopencv_highgui.2.3.1.dylib in Frameworks */ = {isa = PBXBuildFile; fileRef = D7BCFF1C13FE3820004D115F /* libopencv_highgui.2.3.1.dylib */; };
		D7BC06AC1402FE92004D115F /* libopencv_ml.2.3.1.dylib in Frameworks */ = {isa = PBXBuildFile; fileRef = D7BC00A313FEE61A004D115F /* libopencv_ml.2.3.1.dylib */; };
		D7BC06AE1402FE92004D115F /* FoodcamClassifier.1 in CopyFiles */ = {isa = PBXBuildFile; fileRef = C6859E8B029090EE04C91782 /* FoodcamClassifier.1 */; };
		D7BC06B41402FEA2004D115F /* train_SVM_alone.cpp in Sources */ = {isa = PBXBuildFile; fileRef = D7BC060C1402DB35004D115F /* train_SVM_alone.cpp */; };
		D7BCFF1313FE37FD004D115F /* libopencv_core.2.3.1.dylib in Frameworks */ = {isa = PBXBuildFile; fileRef = D7BCFF1213FE37FD004D115F /* libopencv_core.2.3.1.dylib */; };
		D7BCFF1813FE3812004D115F /* libopencv_features2d.2.3.1.dylib in Frameworks */ = {isa = PBXBuildFile; fileRef = D7BCFF1713FE3812004D115F /* libopencv_features2d.2.3.1.dylib */; };
		D7BCFF1D13FE3820004D115F /* libopencv_highgui.2.3.1.dylib in Frameworks */ = {isa = PBXBuildFile; fileRef = D7BCFF1C13FE3820004D115F /* libopencv_highgui.2.3.1.dylib */; };
/* End PBXBuildFile section */

/* Begin PBXCopyFilesBuildPhase section */
		8DD76F690486A84900D96B5E /* CopyFiles */ = {
			isa = PBXCopyFilesBuildPhase;
			buildActionMask = 8;
			dstPath = /usr/share/man/man1/;
			dstSubfolderSpec = 0;
			files = (
				8DD76F6A0486A84900D96B5E /* FoodcamClassifier.1 in CopyFiles */,
			);
			runOnlyForDeploymentPostprocessing = 1;
		};
		D79319EB1404991200C2209B /* CopyFiles */ = {
			isa = PBXCopyFilesBuildPhase;
			buildActionMask = 8;
			dstPath = /usr/share/man/man1/;
			dstSubfolderSpec = 0;
			files = (
				D79319EC1404991200C2209B /* FoodcamClassifier.1 in CopyFiles */,
			);
			runOnlyForDeploymentPostprocessing = 1;
		};
		D7BC013B13FF0035004D115F /* CopyFiles */ = {
			isa = PBXCopyFilesBuildPhase;
			buildActionMask = 8;
			dstPath = /usr/share/man/man1/;
			dstSubfolderSpec = 0;
			files = (
				D7BC013C13FF0035004D115F /* FoodcamClassifier.1 in CopyFiles */,
			);
			runOnlyForDeploymentPostprocessing = 1;
		};
		D7BC01C813FF3FA9004D115F /* CopyFiles */ = {
			isa = PBXCopyFilesBuildPhase;
			buildActionMask = 8;
			dstPath = /usr/share/man/man1/;
			dstSubfolderSpec = 0;
			files = (
				D7BC01C913FF3FA9004D115F /* FoodcamClassifier.1 in CopyFiles */,
			);
			runOnlyForDeploymentPostprocessing = 1;
		};
		D7BC01DB13FF4013004D115F /* CopyFiles */ = {
			isa = PBXCopyFilesBuildPhase;
			buildActionMask = 8;
			dstPath = /usr/share/man/man1/;
			dstSubfolderSpec = 0;
			files = (
				D7BC01DC13FF4013004D115F /* FoodcamClassifier.1 in CopyFiles */,
			);
			runOnlyForDeploymentPostprocessing = 1;
		};
		D7BC028F14001E3D004D115F /* CopyFiles */ = {
			isa = PBXCopyFilesBuildPhase;
			buildActionMask = 8;
			dstPath = /usr/share/man/man1/;
			dstSubfolderSpec = 0;
			files = (
				D7BC029014001E3D004D115F /* FoodcamClassifier.1 in CopyFiles */,
			);
			runOnlyForDeploymentPostprocessing = 1;
		};
		D7BC04541401E60F004D115F /* CopyFiles */ = {
			isa = PBXCopyFilesBuildPhase;
			buildActionMask = 8;
			dstPath = /usr/share/man/man1/;
			dstSubfolderSpec = 0;
			files = (
				D7BC04551401E60F004D115F /* FoodcamClassifier.1 in CopyFiles */,
			);
			runOnlyForDeploymentPostprocessing = 1;
		};
		D7BC06AD1402FE92004D115F /* CopyFiles */ = {
			isa = PBXCopyFilesBuildPhase;
			buildActionMask = 8;
			dstPath = /usr/share/man/man1/;
			dstSubfolderSpec = 0;
			files = (
				D7BC06AE1402FE92004D115F /* FoodcamClassifier.1 in CopyFiles */,
			);
			runOnlyForDeploymentPostprocessing = 1;
		};
/* End PBXCopyFilesBuildPhase section */

/* Begin PBXFileReference section */
		08FB7796FE84155DC02AAC07 /* main.cpp */ = {isa = PBXFileReference; fileEncoding = 4; lastKnownFileType = sourcecode.cpp.cpp; path = main.cpp; sourceTree = "<group>"; };
		8DD76F6C0486A84900D96B5E /* FoodcamClassifier */ = {isa = PBXFileReference; explicitFileType = "compiled.mach-o.executable"; includeInIndex = 0; path = FoodcamClassifier; sourceTree = BUILT_PRODUCTS_DIR; };
		C6859E8B029090EE04C91782 /* FoodcamClassifier.1 */ = {isa = PBXFileReference; lastKnownFileType = text.man; path = FoodcamClassifier.1; sourceTree = "<group>"; };
		D79318131404316D00C2209B /* predict_common.h */ = {isa = PBXFileReference; fileEncoding = 4; lastKnownFileType = sourcecode.c.h; path = predict_common.h; sourceTree = "<group>"; };
		D79318141404316D00C2209B /* predict_common.cpp */ = {isa = PBXFileReference; fileEncoding = 4; lastKnownFileType = sourcecode.cpp.cpp; path = predict_common.cpp; sourceTree = "<group>"; };
		D79319E01404990F00C2209B /* foodcam_predict.cpp */ = {isa = PBXFileReference; fileEncoding = 4; lastKnownFileType = sourcecode.cpp.cpp; path = foodcam_predict.cpp; sourceTree = "<group>"; };
		D79319F01404991200C2209B /* FoodcamClassifier */ = {isa = PBXFileReference; explicitFileType = "compiled.mach-o.executable"; includeInIndex = 0; path = FoodcamClassifier; sourceTree = BUILT_PRODUCTS_DIR; };
		D7931A181404A0EA00C2209B /* README */ = {isa = PBXFileReference; fileEncoding = 4; lastKnownFileType = text; path = README; sourceTree = "<group>"; };
		D7BC00A313FEE61A004D115F /* libopencv_ml.2.3.1.dylib */ = {isa = PBXFileReference; lastKnownFileType = "compiled.mach-o.dylib"; name = libopencv_ml.2.3.1.dylib; path = usr/local/lib/libopencv_ml.2.3.1.dylib; sourceTree = SDKROOT; };
		D7BC014013FF0035004D115F /* FoodcamClassifier */ = {isa = PBXFileReference; explicitFileType = "compiled.mach-o.executable"; includeInIndex = 0; path = FoodcamClassifier; sourceTree = BUILT_PRODUCTS_DIR; };
		D7BC01BD13FF3F9F004D115F /* train_bovw.h */ = {isa = PBXFileReference; fileEncoding = 4; lastKnownFileType = sourcecode.c.h; path = train_bovw.h; sourceTree = "<group>"; };
		D7BC01BE13FF3F9F004D115F /* train_bovw.cpp */ = {isa = PBXFileReference; fileEncoding = 4; lastKnownFileType = sourcecode.cpp.cpp; path = train_bovw.cpp; sourceTree = "<group>"; };
		D7BC01CD13FF3FA9004D115F /* FoodcamClassifier */ = {isa = PBXFileReference; explicitFileType = "compiled.mach-o.executable"; includeInIndex = 0; path = FoodcamClassifier; sourceTree = BUILT_PRODUCTS_DIR; };
		D7BC01D013FF3FE3004D115F /* build_vocabolary.h */ = {isa = PBXFileReference; fileEncoding = 4; lastKnownFileType = sourcecode.c.h; path = build_vocabolary.h; sourceTree = "<group>"; };
		D7BC01D113FF3FE3004D115F /* build_vocabolary.cpp */ = {isa = PBXFileReference; fileEncoding = 4; lastKnownFileType = sourcecode.cpp.cpp; path = build_vocabolary.cpp; sourceTree = "<group>"; };
		D7BC01E013FF4013004D115F /* FoodcamClassifier */ = {isa = PBXFileReference; explicitFileType = "compiled.mach-o.executable"; includeInIndex = 0; path = FoodcamClassifier; sourceTree = BUILT_PRODUCTS_DIR; };
		D7BC020713FF6AD6004D115F /* CMakeLists.txt */ = {isa = PBXFileReference; fileEncoding = 4; lastKnownFileType = text; path = CMakeLists.txt; sourceTree = "<group>"; };
		D7BC020D13FF7902004D115F /* kmeans_trainer.h */ = {isa = PBXFileReference; fileEncoding = 4; lastKnownFileType = sourcecode.c.h; path = kmeans_trainer.h; sourceTree = "<group>"; };
		D7BC020E13FF7902004D115F /* kmeans_trainer.cpp */ = {isa = PBXFileReference; fileEncoding = 4; lastKnownFileType = sourcecode.cpp.cpp; path = kmeans_trainer.cpp; sourceTree = "<group>"; };
		D7BC02691400182B004D115F /* training.txt */ = {isa = PBXFileReference; fileEncoding = 4; lastKnownFileType = text; path = training.txt; sourceTree = "<group>"; };
		D7BC028114001CA8004D115F /* test_classifiers.h */ = {isa = PBXFileReference; fileEncoding = 4; lastKnownFileType = sourcecode.c.h; path = test_classifiers.h; sourceTree = "<group>"; };
		D7BC028214001CA8004D115F /* test_classifiers.cpp */ = {isa = PBXFileReference; fileEncoding = 4; lastKnownFileType = sourcecode.cpp.cpp; path = test_classifiers.cpp; sourceTree = "<group>"; };
		D7BC029414001E3D004D115F /* FoodcamClassifier */ = {isa = PBXFileReference; explicitFileType = "compiled.mach-o.executable"; includeInIndex = 0; path = FoodcamClassifier; sourceTree = BUILT_PRODUCTS_DIR; };
		D7BC039A140038A0004D115F /* libopencv_imgproc.dylib */ = {isa = PBXFileReference; lastKnownFileType = "compiled.mach-o.dylib"; name = libopencv_imgproc.dylib; path = usr/local/lib/libopencv_imgproc.dylib; sourceTree = SDKROOT; };
		D7BC04491401E5FF004D115F /* make_test_background_image.h */ = {isa = PBXFileReference; fileEncoding = 4; lastKnownFileType = sourcecode.c.h; path = make_test_background_image.h; sourceTree = "<group>"; };
		D7BC044A1401E5FF004D115F /* make_test_background_image.cpp */ = {isa = PBXFileReference; fileEncoding = 4; lastKnownFileType = sourcecode.cpp.cpp; path = make_test_background_image.cpp; sourceTree = "<group>"; };
		D7BC04591401E60F004D115F /* FoodcamClassifier */ = {isa = PBXFileReference; explicitFileType = "compiled.mach-o.executable"; includeInIndex = 0; path = FoodcamClassifier; sourceTree = BUILT_PRODUCTS_DIR; };
		D7BC060C1402DB35004D115F /* train_SVM_alone.cpp */ = {isa = PBXFileReference; fileEncoding = 4; lastKnownFileType = sourcecode.cpp.cpp; path = train_SVM_alone.cpp; sourceTree = "<group>"; };
		D7BC060D1402DB5C004D115F /* training_common.cpp */ = {isa = PBXFileReference; fileEncoding = 4; lastKnownFileType = sourcecode.cpp.cpp; path = training_common.cpp; sourceTree = "<group>"; };
		D7BC06B21402FE92004D115F /* FoodcamClassifier */ = {isa = PBXFileReference; explicitFileType = "compiled.mach-o.executable"; includeInIndex = 0; path = FoodcamClassifier; sourceTree = BUILT_PRODUCTS_DIR; };
		D7BCFF1213FE37FD004D115F /* libopencv_core.2.3.1.dylib */ = {isa = PBXFileReference; lastKnownFileType = "compiled.mach-o.dylib"; name = libopencv_core.2.3.1.dylib; path = usr/local/lib/libopencv_core.2.3.1.dylib; sourceTree = SDKROOT; };
		D7BCFF1713FE3812004D115F /* libopencv_features2d.2.3.1.dylib */ = {isa = PBXFileReference; lastKnownFileType = "compiled.mach-o.dylib"; name = libopencv_features2d.2.3.1.dylib; path = usr/local/lib/libopencv_features2d.2.3.1.dylib; sourceTree = SDKROOT; };
		D7BCFF1C13FE3820004D115F /* libopencv_highgui.2.3.1.dylib */ = {isa = PBXFileReference; lastKnownFileType = "compiled.mach-o.dylib"; name = libopencv_highgui.2.3.1.dylib; path = usr/local/lib/libopencv_highgui.2.3.1.dylib; sourceTree = SDKROOT; };
		D7BCFFAB13FEAC04004D115F /* manual_classifier.cpp */ = {isa = PBXFileReference; fileEncoding = 4; lastKnownFileType = sourcecode.cpp.cpp; path = manual_classifier.cpp; sourceTree = "<group>"; };
/* End PBXFileReference section */

/* Begin PBXFrameworksBuildPhase section */
		8DD76F660486A84900D96B5E /* Frameworks */ = {
			isa = PBXFrameworksBuildPhase;
			buildActionMask = 2147483647;
			files = (
				D7BCFF1313FE37FD004D115F /* libopencv_core.2.3.1.dylib in Frameworks */,
				D7BCFF1813FE3812004D115F /* libopencv_features2d.2.3.1.dylib in Frameworks */,
				D7BCFF1D13FE3820004D115F /* libopencv_highgui.2.3.1.dylib in Frameworks */,
				D7BC00A413FEE61A004D115F /* libopencv_ml.2.3.1.dylib in Frameworks */,
			);
			runOnlyForDeploymentPostprocessing = 0;
		};
		D79319E51404991200C2209B /* Frameworks */ = {
			isa = PBXFrameworksBuildPhase;
			buildActionMask = 2147483647;
			files = (
				D79319E61404991200C2209B /* libopencv_core.2.3.1.dylib in Frameworks */,
				D79319E71404991200C2209B /* libopencv_features2d.2.3.1.dylib in Frameworks */,
				D79319E81404991200C2209B /* libopencv_highgui.2.3.1.dylib in Frameworks */,
				D79319E91404991200C2209B /* libopencv_ml.2.3.1.dylib in Frameworks */,
				D79319EA1404991200C2209B /* libopencv_imgproc.dylib in Frameworks */,
			);
			runOnlyForDeploymentPostprocessing = 0;
		};
		D7BC013613FF0035004D115F /* Frameworks */ = {
			isa = PBXFrameworksBuildPhase;
			buildActionMask = 2147483647;
			files = (
				D7BC013713FF0035004D115F /* libopencv_core.2.3.1.dylib in Frameworks */,
				D7BC013813FF0035004D115F /* libopencv_features2d.2.3.1.dylib in Frameworks */,
				D7BC013913FF0035004D115F /* libopencv_highgui.2.3.1.dylib in Frameworks */,
				D7BC013A13FF0035004D115F /* libopencv_ml.2.3.1.dylib in Frameworks */,
			);
			runOnlyForDeploymentPostprocessing = 0;
		};
		D7BC01C313FF3FA9004D115F /* Frameworks */ = {
			isa = PBXFrameworksBuildPhase;
			buildActionMask = 2147483647;
			files = (
				D7BC01C413FF3FA9004D115F /* libopencv_core.2.3.1.dylib in Frameworks */,
				D7BC01C513FF3FA9004D115F /* libopencv_features2d.2.3.1.dylib in Frameworks */,
				D7BC01C613FF3FA9004D115F /* libopencv_highgui.2.3.1.dylib in Frameworks */,
				D7BC01C713FF3FA9004D115F /* libopencv_ml.2.3.1.dylib in Frameworks */,
			);
			runOnlyForDeploymentPostprocessing = 0;
		};
		D7BC01D613FF4013004D115F /* Frameworks */ = {
			isa = PBXFrameworksBuildPhase;
			buildActionMask = 2147483647;
			files = (
				D7BC01D713FF4013004D115F /* libopencv_core.2.3.1.dylib in Frameworks */,
				D7BC01D813FF4013004D115F /* libopencv_features2d.2.3.1.dylib in Frameworks */,
				D7BC01D913FF4013004D115F /* libopencv_highgui.2.3.1.dylib in Frameworks */,
				D7BC01DA13FF4013004D115F /* libopencv_ml.2.3.1.dylib in Frameworks */,
			);
			runOnlyForDeploymentPostprocessing = 0;
		};
		D7BC028A14001E3D004D115F /* Frameworks */ = {
			isa = PBXFrameworksBuildPhase;
			buildActionMask = 2147483647;
			files = (
				D7BC028B14001E3D004D115F /* libopencv_core.2.3.1.dylib in Frameworks */,
				D7BC028C14001E3D004D115F /* libopencv_features2d.2.3.1.dylib in Frameworks */,
				D7BC028D14001E3D004D115F /* libopencv_highgui.2.3.1.dylib in Frameworks */,
				D7BC028E14001E3D004D115F /* libopencv_ml.2.3.1.dylib in Frameworks */,
				D7BC039B140038A0004D115F /* libopencv_imgproc.dylib in Frameworks */,
			);
			runOnlyForDeploymentPostprocessing = 0;
		};
		D7BC044E1401E60F004D115F /* Frameworks */ = {
			isa = PBXFrameworksBuildPhase;
			buildActionMask = 2147483647;
			files = (
				D7BC044F1401E60F004D115F /* libopencv_core.2.3.1.dylib in Frameworks */,
				D7BC04501401E60F004D115F /* libopencv_features2d.2.3.1.dylib in Frameworks */,
				D7BC04511401E60F004D115F /* libopencv_highgui.2.3.1.dylib in Frameworks */,
				D7BC04521401E60F004D115F /* libopencv_ml.2.3.1.dylib in Frameworks */,
				D7BC04531401E60F004D115F /* libopencv_imgproc.dylib in Frameworks */,
			);
			runOnlyForDeploymentPostprocessing = 0;
		};
		D7BC06A81402FE92004D115F /* Frameworks */ = {
			isa = PBXFrameworksBuildPhase;
			buildActionMask = 2147483647;
			files = (
				D7BC06A91402FE92004D115F /* libopencv_core.2.3.1.dylib in Frameworks */,
				D7BC06AA1402FE92004D115F /* libopencv_features2d.2.3.1.dylib in Frameworks */,
				D7BC06AB1402FE92004D115F /* libopencv_highgui.2.3.1.dylib in Frameworks */,
				D7BC06AC1402FE92004D115F /* libopencv_ml.2.3.1.dylib in Frameworks */,
			);
			runOnlyForDeploymentPostprocessing = 0;
		};
/* End PBXFrameworksBuildPhase section */

/* Begin PBXGroup section */
		08FB7794FE84155DC02AAC07 /* FoodcamClassifier */ = {
			isa = PBXGroup;
			children = (
				08FB7795FE84155DC02AAC07 /* Source */,
				C6859E8C029090F304C91782 /* Documentation */,
				1AB674ADFE9D54B511CA2CBB /* Products */,
				D7BCFF1213FE37FD004D115F /* libopencv_core.2.3.1.dylib */,
				D7BCFF1713FE3812004D115F /* libopencv_features2d.2.3.1.dylib */,
				D7BCFF1C13FE3820004D115F /* libopencv_highgui.2.3.1.dylib */,
				D7BC00A313FEE61A004D115F /* libopencv_ml.2.3.1.dylib */,
				D7BC039A140038A0004D115F /* libopencv_imgproc.dylib */,
			);
			name = FoodcamClassifier;
			sourceTree = "<group>";
		};
		08FB7795FE84155DC02AAC07 /* Source */ = {
			isa = PBXGroup;
			children = (
				D7931A181404A0EA00C2209B /* README */,
				D7BC060C1402DB35004D115F /* train_SVM_alone.cpp */,
				D7BC02691400182B004D115F /* training.txt */,
				08FB7796FE84155DC02AAC07 /* main.cpp */,
				D7BCFFAB13FEAC04004D115F /* manual_classifier.cpp */,
				D7BC01BD13FF3F9F004D115F /* train_bovw.h */,
				D7BC01BE13FF3F9F004D115F /* train_bovw.cpp */,
				D7BC01D013FF3FE3004D115F /* build_vocabolary.h */,
				D7BC01D113FF3FE3004D115F /* build_vocabolary.cpp */,
				D7BC020713FF6AD6004D115F /* CMakeLists.txt */,
				D7BC020D13FF7902004D115F /* kmeans_trainer.h */,
				D7BC020E13FF7902004D115F /* kmeans_trainer.cpp */,
				D7BC028114001CA8004D115F /* test_classifiers.h */,
				D7BC028214001CA8004D115F /* test_classifiers.cpp */,
				D7BC04491401E5FF004D115F /* make_test_background_image.h */,
				D7BC044A1401E5FF004D115F /* make_test_background_image.cpp */,
				D7BC060D1402DB5C004D115F /* training_common.cpp */,
				D79318131404316D00C2209B /* predict_common.h */,
				D79318141404316D00C2209B /* predict_common.cpp */,
				D79319E01404990F00C2209B /* foodcam_predict.cpp */,
			);
			name = Source;
			sourceTree = "<group>";
		};
		1AB674ADFE9D54B511CA2CBB /* Products */ = {
			isa = PBXGroup;
			children = (
				8DD76F6C0486A84900D96B5E /* FoodcamClassifier */,
				D7BC014013FF0035004D115F /* FoodcamClassifier */,
				D7BC01CD13FF3FA9004D115F /* FoodcamClassifier */,
				D7BC01E013FF4013004D115F /* FoodcamClassifier */,
				D7BC029414001E3D004D115F /* FoodcamClassifier */,
				D7BC04591401E60F004D115F /* FoodcamClassifier */,
				D7BC06B21402FE92004D115F /* FoodcamClassifier */,
				D79319F01404991200C2209B /* FoodcamClassifier */,
			);
			name = Products;
			sourceTree = "<group>";
		};
		C6859E8C029090F304C91782 /* Documentation */ = {
			isa = PBXGroup;
			children = (
				C6859E8B029090EE04C91782 /* FoodcamClassifier.1 */,
			);
			name = Documentation;
			sourceTree = "<group>";
		};
/* End PBXGroup section */

/* Begin PBXNativeTarget section */
		8DD76F620486A84900D96B5E /* FoodcamClassifier */ = {
			isa = PBXNativeTarget;
			buildConfigurationList = 1DEB923108733DC60010E9CD /* Build configuration list for PBXNativeTarget "FoodcamClassifier" */;
			buildPhases = (
				8DD76F640486A84900D96B5E /* Sources */,
				8DD76F660486A84900D96B5E /* Frameworks */,
				8DD76F690486A84900D96B5E /* CopyFiles */,
			);
			buildRules = (
			);
			dependencies = (
			);
			name = FoodcamClassifier;
			productInstallPath = "$(HOME)/bin";
			productName = FoodcamClassifier;
			productReference = 8DD76F6C0486A84900D96B5E /* FoodcamClassifier */;
			productType = "com.apple.product-type.tool";
		};
		D79319E11404991200C2209B /* foodcam-predict */ = {
			isa = PBXNativeTarget;
			buildConfigurationList = D79319ED1404991200C2209B /* Build configuration list for PBXNativeTarget "foodcam-predict" */;
			buildPhases = (
				D79319E21404991200C2209B /* Sources */,
				D79319E51404991200C2209B /* Frameworks */,
				D79319EB1404991200C2209B /* CopyFiles */,
			);
			buildRules = (
			);
			dependencies = (
			);
			name = "foodcam-predict";
			productInstallPath = "$(HOME)/bin";
			productName = FoodcamClassifier;
			productReference = D79319F01404991200C2209B /* FoodcamClassifier */;
			productType = "com.apple.product-type.tool";
		};
		D7BC013313FF0035004D115F /* manual-classifier */ = {
			isa = PBXNativeTarget;
			buildConfigurationList = D7BC013D13FF0035004D115F /* Build configuration list for PBXNativeTarget "manual-classifier" */;
			buildPhases = (
				D7BC013413FF0035004D115F /* Sources */,
				D7BC013613FF0035004D115F /* Frameworks */,
				D7BC013B13FF0035004D115F /* CopyFiles */,
			);
			buildRules = (
			);
			dependencies = (
			);
			name = "manual-classifier";
			productInstallPath = "$(HOME)/bin";
			productName = FoodcamClassifier;
			productReference = D7BC014013FF0035004D115F /* FoodcamClassifier */;
			productType = "com.apple.product-type.tool";
		};
		D7BC01C013FF3FA9004D115F /* train-bovw */ = {
			isa = PBXNativeTarget;
			buildConfigurationList = D7BC01CA13FF3FA9004D115F /* Build configuration list for PBXNativeTarget "train-bovw" */;
			buildPhases = (
				D7BC01C113FF3FA9004D115F /* Sources */,
				D7BC01C313FF3FA9004D115F /* Frameworks */,
				D7BC01C813FF3FA9004D115F /* CopyFiles */,
			);
			buildRules = (
			);
			dependencies = (
			);
			name = "train-bovw";
			productInstallPath = "$(HOME)/bin";
			productName = FoodcamClassifier;
			productReference = D7BC01CD13FF3FA9004D115F /* FoodcamClassifier */;
			productType = "com.apple.product-type.tool";
		};
		D7BC01D313FF4013004D115F /* build-vocabulary */ = {
			isa = PBXNativeTarget;
			buildConfigurationList = D7BC01DD13FF4013004D115F /* Build configuration list for PBXNativeTarget "build-vocabulary" */;
			buildPhases = (
				D7BC01D413FF4013004D115F /* Sources */,
				D7BC01D613FF4013004D115F /* Frameworks */,
				D7BC01DB13FF4013004D115F /* CopyFiles */,
			);
			buildRules = (
			);
			dependencies = (
			);
			name = "build-vocabulary";
			productInstallPath = "$(HOME)/bin";
			productName = FoodcamClassifier;
			productReference = D7BC01E013FF4013004D115F /* FoodcamClassifier */;
			productType = "com.apple.product-type.tool";
		};
		D7BC028414001E3D004D115F /* test-classifiers */ = {
			isa = PBXNativeTarget;
			buildConfigurationList = D7BC029114001E3D004D115F /* Build configuration list for PBXNativeTarget "test-classifiers" */;
			buildPhases = (
				D7BC028514001E3D004D115F /* Sources */,
				D7BC028A14001E3D004D115F /* Frameworks */,
				D7BC028F14001E3D004D115F /* CopyFiles */,
			);
			buildRules = (
			);
			dependencies = (
			);
			name = "test-classifiers";
			productInstallPath = "$(HOME)/bin";
			productName = FoodcamClassifier;
			productReference = D7BC029414001E3D004D115F /* FoodcamClassifier */;
			productType = "com.apple.product-type.tool";
		};
		D7BC044B1401E60F004D115F /* make-background */ = {
			isa = PBXNativeTarget;
			buildConfigurationList = D7BC04561401E60F004D115F /* Build configuration list for PBXNativeTarget "make-background" */;
			buildPhases = (
				D7BC044C1401E60F004D115F /* Sources */,
				D7BC044E1401E60F004D115F /* Frameworks */,
				D7BC04541401E60F004D115F /* CopyFiles */,
			);
			buildRules = (
			);
			dependencies = (
			);
			name = "make-background";
			productInstallPath = "$(HOME)/bin";
			productName = FoodcamClassifier;
			productReference = D7BC04591401E60F004D115F /* FoodcamClassifier */;
			productType = "com.apple.product-type.tool";
		};
		D7BC06A41402FE92004D115F /* train-SVM-alone */ = {
			isa = PBXNativeTarget;
			buildConfigurationList = D7BC06AF1402FE92004D115F /* Build configuration list for PBXNativeTarget "train-SVM-alone" */;
			buildPhases = (
				D7BC06A51402FE92004D115F /* Sources */,
				D7BC06A81402FE92004D115F /* Frameworks */,
				D7BC06AD1402FE92004D115F /* CopyFiles */,
			);
			buildRules = (
			);
			dependencies = (
			);
			name = "train-SVM-alone";
			productInstallPath = "$(HOME)/bin";
			productName = FoodcamClassifier;
			productReference = D7BC06B21402FE92004D115F /* FoodcamClassifier */;
			productType = "com.apple.product-type.tool";
		};
/* End PBXNativeTarget section */

/* Begin PBXProject section */
		08FB7793FE84155DC02AAC07 /* Project object */ = {
			isa = PBXProject;
			buildConfigurationList = 1DEB923508733DC60010E9CD /* Build configuration list for PBXProject "FoodcamClassifier" */;
			compatibilityVersion = "Xcode 3.1";
			developmentRegion = English;
			hasScannedForEncodings = 1;
			knownRegions = (
				English,
				Japanese,
				French,
				German,
			);
			mainGroup = 08FB7794FE84155DC02AAC07 /* FoodcamClassifier */;
			projectDirPath = "";
			projectRoot = "";
			targets = (
				8DD76F620486A84900D96B5E /* FoodcamClassifier */,
				D7BC013313FF0035004D115F /* manual-classifier */,
				D7BC01C013FF3FA9004D115F /* train-bovw */,
				D7BC01D313FF4013004D115F /* build-vocabulary */,
				D7BC028414001E3D004D115F /* test-classifiers */,
				D7BC044B1401E60F004D115F /* make-background */,
				D7BC06A41402FE92004D115F /* train-SVM-alone */,
				D79319E11404991200C2209B /* foodcam-predict */,
			);
		};
/* End PBXProject section */

/* Begin PBXSourcesBuildPhase section */
		8DD76F640486A84900D96B5E /* Sources */ = {
			isa = PBXSourcesBuildPhase;
			buildActionMask = 2147483647;
			files = (
				8DD76F650486A84900D96B5E /* main.cpp in Sources */,
				D7BC01BF13FF3F9F004D115F /* train_bovw.cpp in Sources */,
				D7BC01D213FF3FE3004D115F /* build_vocabolary.cpp in Sources */,
			);
			runOnlyForDeploymentPostprocessing = 0;
		};
		D79319E21404991200C2209B /* Sources */ = {
			isa = PBXSourcesBuildPhase;
			buildActionMask = 2147483647;
			files = (
				D79319F21404992200C2209B /* foodcam_predict.cpp in Sources */,
				D79319E41404991200C2209B /* predict_common.cpp in Sources */,
			);
			runOnlyForDeploymentPostprocessing = 0;
		};
		D7BC013413FF0035004D115F /* Sources */ = {
			isa = PBXSourcesBuildPhase;
			buildActionMask = 2147483647;
			files = (
				D7BC014213FF003F004D115F /* manual_classifier.cpp in Sources */,
			);
			runOnlyForDeploymentPostprocessing = 0;
		};
		D7BC01C113FF3FA9004D115F /* Sources */ = {
			isa = PBXSourcesBuildPhase;
			buildActionMask = 2147483647;
			files = (
				D7BC01CF13FF3FB7004D115F /* train_bovw.cpp in Sources */,
				D7BC060E1402DB5C004D115F /* training_common.cpp in Sources */,
			);
			runOnlyForDeploymentPostprocessing = 0;
		};
		D7BC01D413FF4013004D115F /* Sources */ = {
			isa = PBXSourcesBuildPhase;
			buildActionMask = 2147483647;
			files = (
				D7BC01E713FF4040004D115F /* build_vocabolary.h in Sources */,
				D7BC01E213FF4023004D115F /* build_vocabolary.cpp in Sources */,
			);
			runOnlyForDeploymentPostprocessing = 0;
		};
		D7BC028514001E3D004D115F /* Sources */ = {
			isa = PBXSourcesBuildPhase;
			buildActionMask = 2147483647;
			files = (
				D7BC028914001E3D004D115F /* test_classifiers.cpp in Sources */,
				D79318151404316D00C2209B /* predict_common.cpp in Sources */,
			);
			runOnlyForDeploymentPostprocessing = 0;
		};
		D7BC044C1401E60F004D115F /* Sources */ = {
			isa = PBXSourcesBuildPhase;
			buildActionMask = 2147483647;
			files = (
				D7BC045B1401E624004D115F /* make_test_background_image.cpp in Sources */,
			);
			runOnlyForDeploymentPostprocessing = 0;
		};
		D7BC06A51402FE92004D115F /* Sources */ = {
			isa = PBXSourcesBuildPhase;
			buildActionMask = 2147483647;
			files = (
				D7BC06B41402FEA2004D115F /* train_SVM_alone.cpp in Sources */,
				D7BC06A71402FE92004D115F /* training_common.cpp in Sources */,
			);
			runOnlyForDeploymentPostprocessing = 0;
		};
/* End PBXSourcesBuildPhase section */

/* Begin XCBuildConfiguration section */
		1DEB923208733DC60010E9CD /* Debug */ = {
			isa = XCBuildConfiguration;
			buildSettings = {
				ALWAYS_SEARCH_USER_PATHS = NO;
				COPY_PHASE_STRIP = NO;
				GCC_DYNAMIC_NO_PIC = NO;
				GCC_ENABLE_FIX_AND_CONTINUE = YES;
				GCC_MODEL_TUNING = G5;
				GCC_OPTIMIZATION_LEVEL = 0;
				INSTALL_PATH = /usr/local/bin;
				LIBRARY_SEARCH_PATHS = (
					"$(inherited)",
					"\"$(SRCROOT)/../../Downloads/trunk/opencv/out/lib/Release\"",
				);
				PRODUCT_NAME = FoodcamClassifier;
			};
			name = Debug;
		};
		1DEB923308733DC60010E9CD /* Release */ = {
			isa = XCBuildConfiguration;
			buildSettings = {
				ALWAYS_SEARCH_USER_PATHS = NO;
				DEBUG_INFORMATION_FORMAT = "dwarf-with-dsym";
				GCC_MODEL_TUNING = G5;
				INSTALL_PATH = /usr/local/bin;
				LIBRARY_SEARCH_PATHS = (
					"$(inherited)",
					"\"$(SRCROOT)/../../Downloads/trunk/opencv/out/lib/Release\"",
				);
				PRODUCT_NAME = FoodcamClassifier;
			};
			name = Release;
		};
		1DEB923608733DC60010E9CD /* Debug */ = {
			isa = XCBuildConfiguration;
			buildSettings = {
				ARCHS = "$(ARCHS_STANDARD_32_64_BIT)";
				ENABLE_OPENMP_SUPPORT = YES;
				GCC_C_LANGUAGE_STANDARD = gnu99;
				GCC_OPTIMIZATION_LEVEL = 0;
				GCC_WARN_ABOUT_RETURN_TYPE = YES;
				GCC_WARN_UNUSED_VARIABLE = YES;
				HEADER_SEARCH_PATHS = /usr/local/include;
				ONLY_ACTIVE_ARCH = YES;
				PREBINDING = NO;
				SDKROOT = macosx10.6;
			};
			name = Debug;
		};
		1DEB923708733DC60010E9CD /* Release */ = {
			isa = XCBuildConfiguration;
			buildSettings = {
				ARCHS = "$(ARCHS_STANDARD_32_64_BIT)";
				GCC_C_LANGUAGE_STANDARD = gnu99;
				GCC_WARN_ABOUT_RETURN_TYPE = YES;
				GCC_WARN_UNUSED_VARIABLE = YES;
				PREBINDING = NO;
				SDKROOT = macosx10.6;
			};
			name = Release;
		};
		D79319EE1404991200C2209B /* Debug */ = {
			isa = XCBuildConfiguration;
			buildSettings = {
				ALWAYS_SEARCH_USER_PATHS = NO;
				COPY_PHASE_STRIP = NO;
				GCC_DYNAMIC_NO_PIC = NO;
				GCC_ENABLE_FIX_AND_CONTINUE = YES;
				GCC_MODEL_TUNING = G5;
				GCC_OPTIMIZATION_LEVEL = 0;
				INSTALL_PATH = /usr/local/bin;
				LIBRARY_SEARCH_PATHS = (
					"$(inherited)",
					"\\\\\\\\\\\\\\\\\\\\\\\\\\\\\\\\\\\\\\\\\\\\\\\\\\\\\\\\\\\\\\\"$(SRCROOT)/../../Downloads/trunk/opencv/out/lib/Release\\\\\\\\\\\\\\\\\\\\\\\\\\\\\\\\\\\\\\\\\\\\\\\\\\\\\\\\\\\\\\\"",
				);
				PRODUCT_NAME = FoodcamClassifier;
			};
			name = Debug;
		};
		D79319EF1404991200C2209B /* Release */ = {
			isa = XCBuildConfiguration;
			buildSettings = {
				ALWAYS_SEARCH_USER_PATHS = NO;
				DEBUG_INFORMATION_FORMAT = "dwarf-with-dsym";
				GCC_MODEL_TUNING = G5;
				INSTALL_PATH = /usr/local/bin;
				LIBRARY_SEARCH_PATHS = (
					"$(inherited)",
					"\\\\\\\\\\\\\\\\\\\\\\\\\\\\\\\\\\\\\\\\\\\\\\\\\\\\\\\\\\\\\\\"$(SRCROOT)/../../Downloads/trunk/opencv/out/lib/Release\\\\\\\\\\\\\\\\\\\\\\\\\\\\\\\\\\\\\\\\\\\\\\\\\\\\\\\\\\\\\\\"",
				);
				PRODUCT_NAME = FoodcamClassifier;
			};
			name = Release;
		};
		D7BC013E13FF0035004D115F /* Debug */ = {
			isa = XCBuildConfiguration;
			buildSettings = {
				ALWAYS_SEARCH_USER_PATHS = NO;
				COPY_PHASE_STRIP = NO;
				GCC_DYNAMIC_NO_PIC = NO;
				GCC_ENABLE_FIX_AND_CONTINUE = YES;
				GCC_MODEL_TUNING = G5;
				GCC_OPTIMIZATION_LEVEL = 0;
				INSTALL_PATH = /usr/local/bin;
				LIBRARY_SEARCH_PATHS = (
					"$(inherited)",
					"\\\"$(SRCROOT)/../../Downloads/trunk/opencv/out/lib/Release\\\"",
				);
				PRODUCT_NAME = FoodcamClassifier;
			};
			name = Debug;
		};
		D7BC013F13FF0035004D115F /* Release */ = {
			isa = XCBuildConfiguration;
			buildSettings = {
				ALWAYS_SEARCH_USER_PATHS = NO;
				DEBUG_INFORMATION_FORMAT = "dwarf-with-dsym";
				GCC_MODEL_TUNING = G5;
				INSTALL_PATH = /usr/local/bin;
				LIBRARY_SEARCH_PATHS = (
					"$(inherited)",
					"\\\"$(SRCROOT)/../../Downloads/trunk/opencv/out/lib/Release\\\"",
				);
				PRODUCT_NAME = FoodcamClassifier;
			};
			name = Release;
		};
		D7BC01CB13FF3FA9004D115F /* Debug */ = {
			isa = XCBuildConfiguration;
			buildSettings = {
				ALWAYS_SEARCH_USER_PATHS = NO;
				COPY_PHASE_STRIP = NO;
				GCC_DYNAMIC_NO_PIC = NO;
				GCC_ENABLE_FIX_AND_CONTINUE = YES;
				GCC_MODEL_TUNING = G5;
				GCC_OPTIMIZATION_LEVEL = 0;
				INSTALL_PATH = /usr/local/bin;
				LIBRARY_SEARCH_PATHS = (
					"$(inherited)",
					"\\\\\\\"$(SRCROOT)/../../Downloads/trunk/opencv/out/lib/Release\\\\\\\"",
				);
				PRODUCT_NAME = FoodcamClassifier;
			};
			name = Debug;
		};
		D7BC01CC13FF3FA9004D115F /* Release */ = {
			isa = XCBuildConfiguration;
			buildSettings = {
				ALWAYS_SEARCH_USER_PATHS = NO;
				DEBUG_INFORMATION_FORMAT = "dwarf-with-dsym";
				GCC_MODEL_TUNING = G5;
				INSTALL_PATH = /usr/local/bin;
				LIBRARY_SEARCH_PATHS = (
					"$(inherited)",
					"\\\\\\\"$(SRCROOT)/../../Downloads/trunk/opencv/out/lib/Release\\\\\\\"",
				);
				PRODUCT_NAME = FoodcamClassifier;
			};
			name = Release;
		};
		D7BC01DE13FF4013004D115F /* Debug */ = {
			isa = XCBuildConfiguration;
			buildSettings = {
				ALWAYS_SEARCH_USER_PATHS = NO;
				COPY_PHASE_STRIP = NO;
				GCC_DYNAMIC_NO_PIC = NO;
				GCC_ENABLE_FIX_AND_CONTINUE = YES;
				GCC_MODEL_TUNING = G5;
				GCC_OPTIMIZATION_LEVEL = 0;
				INSTALL_PATH = /usr/local/bin;
				LIBRARY_SEARCH_PATHS = (
					"$(inherited)",
					"\\\\\\\\\\\\\\\"$(SRCROOT)/../../Downloads/trunk/opencv/out/lib/Release\\\\\\\\\\\\\\\"",
				);
				PRODUCT_NAME = FoodcamClassifier;
			};
			name = Debug;
		};
		D7BC01DF13FF4013004D115F /* Release */ = {
			isa = XCBuildConfiguration;
			buildSettings = {
				ALWAYS_SEARCH_USER_PATHS = NO;
				DEBUG_INFORMATION_FORMAT = "dwarf-with-dsym";
				GCC_MODEL_TUNING = G5;
				INSTALL_PATH = /usr/local/bin;
				LIBRARY_SEARCH_PATHS = (
					"$(inherited)",
					"\\\\\\\\\\\\\\\"$(SRCROOT)/../../Downloads/trunk/opencv/out/lib/Release\\\\\\\\\\\\\\\"",
				);
				PRODUCT_NAME = FoodcamClassifier;
			};
			name = Release;
		};
		D7BC029214001E3D004D115F /* Debug */ = {
			isa = XCBuildConfiguration;
			buildSettings = {
				ALWAYS_SEARCH_USER_PATHS = NO;
				COPY_PHASE_STRIP = NO;
				GCC_DYNAMIC_NO_PIC = NO;
				GCC_ENABLE_FIX_AND_CONTINUE = YES;
				GCC_MODEL_TUNING = G5;
				GCC_OPTIMIZATION_LEVEL = 0;
				INSTALL_PATH = /usr/local/bin;
				LIBRARY_SEARCH_PATHS = (
					"$(inherited)",
					"\\\\\\\\\\\\\\\\\\\\\\\\\\\\\\\"$(SRCROOT)/../../Downloads/trunk/opencv/out/lib/Release\\\\\\\\\\\\\\\\\\\\\\\\\\\\\\\"",
				);
				PRODUCT_NAME = FoodcamClassifier;
			};
			name = Debug;
		};
		D7BC029314001E3D004D115F /* Release */ = {
			isa = XCBuildConfiguration;
			buildSettings = {
				ALWAYS_SEARCH_USER_PATHS = NO;
				DEBUG_INFORMATION_FORMAT = "dwarf-with-dsym";
				GCC_MODEL_TUNING = G5;
				INSTALL_PATH = /usr/local/bin;
				LIBRARY_SEARCH_PATHS = (
					"$(inherited)",
					"\\\\\\\\\\\\\\\\\\\\\\\\\\\\\\\"$(SRCROOT)/../../Downloads/trunk/opencv/out/lib/Release\\\\\\\\\\\\\\\\\\\\\\\\\\\\\\\"",
				);
				PRODUCT_NAME = FoodcamClassifier;
			};
			name = Release;
		};
		D7BC04571401E60F004D115F /* Debug */ = {
			isa = XCBuildConfiguration;
			buildSettings = {
				ALWAYS_SEARCH_USER_PATHS = NO;
				COPY_PHASE_STRIP = NO;
				GCC_DYNAMIC_NO_PIC = NO;
				GCC_ENABLE_FIX_AND_CONTINUE = YES;
				GCC_MODEL_TUNING = G5;
				GCC_OPTIMIZATION_LEVEL = 0;
				INSTALL_PATH = /usr/local/bin;
				LIBRARY_SEARCH_PATHS = (
					"$(inherited)",
					"\\\\\\\\\\\\\\\\\\\\\\\\\\\\\\\\\\\\\\\\\\\\\\\\\\\\\\\\\\\\\\\"$(SRCROOT)/../../Downloads/trunk/opencv/out/lib/Release\\\\\\\\\\\\\\\\\\\\\\\\\\\\\\\\\\\\\\\\\\\\\\\\\\\\\\\\\\\\\\\"",
				);
				PRODUCT_NAME = FoodcamClassifier;
			};
			name = Debug;
		};
		D7BC04581401E60F004D115F /* Release */ = {
			isa = XCBuildConfiguration;
			buildSettings = {
				ALWAYS_SEARCH_USER_PATHS = NO;
				DEBUG_INFORMATION_FORMAT = "dwarf-with-dsym";
				GCC_MODEL_TUNING = G5;
				INSTALL_PATH = /usr/local/bin;
				LIBRARY_SEARCH_PATHS = (
					"$(inherited)",
					"\\\\\\\\\\\\\\\\\\\\\\\\\\\\\\\\\\\\\\\\\\\\\\\\\\\\\\\\\\\\\\\"$(SRCROOT)/../../Downloads/trunk/opencv/out/lib/Release\\\\\\\\\\\\\\\\\\\\\\\\\\\\\\\\\\\\\\\\\\\\\\\\\\\\\\\\\\\\\\\"",
				);
				PRODUCT_NAME = FoodcamClassifier;
			};
			name = Release;
		};
		D7BC06B01402FE92004D115F /* Debug */ = {
			isa = XCBuildConfiguration;
			buildSettings = {
				ALWAYS_SEARCH_USER_PATHS = NO;
				COPY_PHASE_STRIP = NO;
				GCC_DYNAMIC_NO_PIC = NO;
				GCC_ENABLE_FIX_AND_CONTINUE = YES;
				GCC_MODEL_TUNING = G5;
				GCC_OPTIMIZATION_LEVEL = 0;
				INSTALL_PATH = /usr/local/bin;
				LIBRARY_SEARCH_PATHS = (
					"$(inherited)",
					"\\\\\\\\\\\\\\\"$(SRCROOT)/../../Downloads/trunk/opencv/out/lib/Release\\\\\\\\\\\\\\\"",
				);
				PRODUCT_NAME = FoodcamClassifier;
			};
			name = Debug;
		};
		D7BC06B11402FE92004D115F /* Release */ = {
			isa = XCBuildConfiguration;
			buildSettings = {
				ALWAYS_SEARCH_USER_PATHS = NO;
				DEBUG_INFORMATION_FORMAT = "dwarf-with-dsym";
				GCC_MODEL_TUNING = G5;
				INSTALL_PATH = /usr/local/bin;
				LIBRARY_SEARCH_PATHS = (
					"$(inherited)",
					"\\\\\\\\\\\\\\\"$(SRCROOT)/../../Downloads/trunk/opencv/out/lib/Release\\\\\\\\\\\\\\\"",
				);
				PRODUCT_NAME = FoodcamClassifier;
			};
			name = Release;
		};
/* End XCBuildConfiguration section */

/* Begin XCConfigurationList section */
		1DEB923108733DC60010E9CD /* Build configuration list for PBXNativeTarget "FoodcamClassifier" */ = {
			isa = XCConfigurationList;
			buildConfigurations = (
				1DEB923208733DC60010E9CD /* Debug */,
				1DEB923308733DC60010E9CD /* Release */,
			);
			defaultConfigurationIsVisible = 0;
			defaultConfigurationName = Release;
		};
		1DEB923508733DC60010E9CD /* Build configuration list for PBXProject "FoodcamClassifier" */ = {
			isa = XCConfigurationList;
			buildConfigurations = (
				1DEB923608733DC60010E9CD /* Debug */,
				1DEB923708733DC60010E9CD /* Release */,
			);
			defaultConfigurationIsVisible = 0;
			defaultConfigurationName = Release;
		};
		D79319ED1404991200C2209B /* Build configuration list for PBXNativeTarget "foodcam-predict" */ = {
			isa = XCConfigurationList;
			buildConfigurations = (
				D79319EE1404991200C2209B /* Debug */,
				D79319EF1404991200C2209B /* Release */,
			);
			defaultConfigurationIsVisible = 0;
			defaultConfigurationName = Release;
		};
		D7BC013D13FF0035004D115F /* Build configuration list for PBXNativeTarget "manual-classifier" */ = {
			isa = XCConfigurationList;
			buildConfigurations = (
				D7BC013E13FF0035004D115F /* Debug */,
				D7BC013F13FF0035004D115F /* Release */,
			);
			defaultConfigurationIsVisible = 0;
			defaultConfigurationName = Release;
		};
		D7BC01CA13FF3FA9004D115F /* Build configuration list for PBXNativeTarget "train-bovw" */ = {
			isa = XCConfigurationList;
			buildConfigurations = (
				D7BC01CB13FF3FA9004D115F /* Debug */,
				D7BC01CC13FF3FA9004D115F /* Release */,
			);
			defaultConfigurationIsVisible = 0;
			defaultConfigurationName = Release;
		};
		D7BC01DD13FF4013004D115F /* Build configuration list for PBXNativeTarget "build-vocabulary" */ = {
			isa = XCConfigurationList;
			buildConfigurations = (
				D7BC01DE13FF4013004D115F /* Debug */,
				D7BC01DF13FF4013004D115F /* Release */,
			);
			defaultConfigurationIsVisible = 0;
			defaultConfigurationName = Release;
		};
		D7BC029114001E3D004D115F /* Build configuration list for PBXNativeTarget "test-classifiers" */ = {
			isa = XCConfigurationList;
			buildConfigurations = (
				D7BC029214001E3D004D115F /* Debug */,
				D7BC029314001E3D004D115F /* Release */,
			);
			defaultConfigurationIsVisible = 0;
			defaultConfigurationName = Release;
		};
		D7BC04561401E60F004D115F /* Build configuration list for PBXNativeTarget "make-background" */ = {
			isa = XCConfigurationList;
			buildConfigurations = (
				D7BC04571401E60F004D115F /* Debug */,
				D7BC04581401E60F004D115F /* Release */,
			);
			defaultConfigurationIsVisible = 0;
			defaultConfigurationName = Release;
		};
		D7BC06AF1402FE92004D115F /* Build configuration list for PBXNativeTarget "train-SVM-alone" */ = {
			isa = XCConfigurationList;
			buildConfigurations = (
				D7BC06B01402FE92004D115F /* Debug */,
				D7BC06B11402FE92004D115F /* Release */,
			);
			defaultConfigurationIsVisible = 0;
			defaultConfigurationName = Release;
		};
/* End XCConfigurationList section */
	};
	rootObject = 08FB7793FE84155DC02AAC07 /* Project object */;
}
